{
  "name": "root",
  "version": "1.0.0-alpha",
  "lockfileVersion": 2,
  "requires": true,
  "packages": {
    "": {
      "name": "root",
      "version": "1.0.0-alpha",
      "hasInstallScript": true,
      "workspaces": [
        "packages/*/",
        "xb/",
        "xs/"
      ],
      "devDependencies": {
        "typescript": "^4.7.3"
      }
    },
    "node_modules/@skylixgh/elixor-client": {
      "resolved": "packages/client",
      "link": true
    },
    "node_modules/@skylixgh/elixor-color": {
      "resolved": "packages/color",
      "link": true
    },
    "node_modules/@skylixgh/elixor-desktop": {
      "resolved": "packages/desktop",
      "link": true
    },
    "node_modules/@skylixgh/elixor-events": {
      "resolved": "packages/events",
      "link": true
    },
    "node_modules/@skylixgh/elixor-lexer": {
      "resolved": "packages/lexer",
      "link": true
    },
    "node_modules/@skylixgh/elixor-mobile": {
      "resolved": "packages/mobile",
      "link": true
    },
    "node_modules/@skylixgh/elixor-pluginHost": {
      "resolved": "packages/pluginHost",
      "link": true
    },
    "node_modules/@skylixgh/elixor-runtime": {
      "resolved": "packages/runtime",
      "link": true
    },
    "node_modules/@skylixgh/elixor-server": {
      "resolved": "packages/server",
      "link": true
    },
    "node_modules/@skylixgh/elixor-terminal": {
      "resolved": "packages/terminal",
      "link": true
    },
    "node_modules/@skylixgh/elixor-threads": {
      "resolved": "packages/threads",
      "link": true
    },
    "node_modules/@skylixgh/elixor-timers": {
      "resolved": "packages/timers",
      "link": true
    },
    "node_modules/@types/node": {
      "version": "17.0.41",
      "resolved": "https://registry.npmjs.org/@types/node/-/node-17.0.41.tgz",
      "integrity": "sha512-xA6drNNeqb5YyV5fO3OAEsnXLfO7uF0whiOfPTz5AeDo8KeZFmODKnvwPymMNO8qE/an8pVY/O50tig2SQCrGw=="
    },
    "node_modules/anymatch": {
      "version": "3.1.2",
      "license": "ISC",
      "dependencies": {
        "normalize-path": "^3.0.0",
        "picomatch": "^2.0.4"
      },
      "engines": {
        "node": ">= 8"
      }
    },
    "node_modules/binary-extensions": {
      "version": "2.2.0",
      "license": "MIT",
      "engines": {
        "node": ">=8"
      }
    },
    "node_modules/braces": {
      "version": "3.0.2",
      "license": "MIT",
      "dependencies": {
        "fill-range": "^7.0.1"
      },
      "engines": {
        "node": ">=8"
      }
    },
    "node_modules/buffer-from": {
      "version": "1.1.2",
      "resolved": "https://registry.npmjs.org/buffer-from/-/buffer-from-1.1.2.tgz",
      "integrity": "sha512-E+XQCRwSbaaiChtv6k6Dwgc+bx+Bs6vuKJHHl5kox/BaKbhiXzqQOwK4cO22yElGp2OCmjwVhT3HmxgyPGnJfQ=="
    },
    "node_modules/chokidar": {
      "version": "3.5.3",
      "funding": [
        {
          "type": "individual",
          "url": "https://paulmillr.com/funding/"
        }
      ],
      "license": "MIT",
      "dependencies": {
        "anymatch": "~3.1.2",
        "braces": "~3.0.2",
        "glob-parent": "~5.1.2",
        "is-binary-path": "~2.1.0",
        "is-glob": "~4.0.1",
        "normalize-path": "~3.0.0",
        "readdirp": "~3.6.0"
      },
      "engines": {
        "node": ">= 8.10.0"
      },
      "optionalDependencies": {
        "fsevents": "~2.3.2"
      }
    },
    "node_modules/client": {
      "resolved": "packages/client",
      "link": true
    },
    "node_modules/color": {
      "resolved": "packages/color",
      "link": true
    },
    "node_modules/desktop": {
      "resolved": "packages/desktop",
      "link": true
    },
    "node_modules/esbuild": {
      "version": "0.14.43",
      "hasInstallScript": true,
      "license": "MIT",
      "bin": {
        "esbuild": "bin/esbuild"
      },
      "engines": {
        "node": ">=12"
      },
      "optionalDependencies": {
        "esbuild-android-64": "0.14.43",
        "esbuild-android-arm64": "0.14.43",
        "esbuild-darwin-64": "0.14.43",
        "esbuild-darwin-arm64": "0.14.43",
        "esbuild-freebsd-64": "0.14.43",
        "esbuild-freebsd-arm64": "0.14.43",
        "esbuild-linux-32": "0.14.43",
        "esbuild-linux-64": "0.14.43",
        "esbuild-linux-arm": "0.14.43",
        "esbuild-linux-arm64": "0.14.43",
        "esbuild-linux-mips64le": "0.14.43",
        "esbuild-linux-ppc64le": "0.14.43",
        "esbuild-linux-riscv64": "0.14.43",
        "esbuild-linux-s390x": "0.14.43",
        "esbuild-netbsd-64": "0.14.43",
        "esbuild-openbsd-64": "0.14.43",
        "esbuild-sunos-64": "0.14.43",
        "esbuild-windows-32": "0.14.43",
        "esbuild-windows-64": "0.14.43",
        "esbuild-windows-arm64": "0.14.43"
      }
    },
    "node_modules/esbuild-linux-64": {
      "version": "0.14.43",
      "cpu": [
        "x64"
      ],
      "license": "MIT",
      "optional": true,
      "os": [
        "linux"
      ],
      "engines": {
        "node": ">=12"
      }
    },
    "node_modules/events": {
      "resolved": "packages/events",
      "link": true
    },
    "node_modules/fill-range": {
      "version": "7.0.1",
      "license": "MIT",
      "dependencies": {
        "to-regex-range": "^5.0.1"
      },
      "engines": {
        "node": ">=8"
      }
    },
    "node_modules/glob-parent": {
      "version": "5.1.2",
      "license": "ISC",
      "dependencies": {
        "is-glob": "^4.0.1"
      },
      "engines": {
        "node": ">= 6"
      }
    },
    "node_modules/is-binary-path": {
      "version": "2.1.0",
      "license": "MIT",
      "dependencies": {
        "binary-extensions": "^2.0.0"
      },
      "engines": {
        "node": ">=8"
      }
    },
    "node_modules/is-extglob": {
      "version": "2.1.1",
      "license": "MIT",
      "engines": {
        "node": ">=0.10.0"
      }
    },
    "node_modules/is-glob": {
      "version": "4.0.3",
      "license": "MIT",
      "dependencies": {
        "is-extglob": "^2.1.1"
      },
      "engines": {
        "node": ">=0.10.0"
      }
    },
    "node_modules/is-number": {
      "version": "7.0.0",
      "license": "MIT",
      "engines": {
        "node": ">=0.12.0"
      }
    },
    "node_modules/lexer": {
      "resolved": "packages/lexer",
      "link": true
    },
    "node_modules/mobile": {
      "resolved": "packages/mobile",
      "link": true
    },
    "node_modules/normalize-path": {
      "version": "3.0.0",
      "license": "MIT",
      "engines": {
        "node": ">=0.10.0"
      }
    },
    "node_modules/picomatch": {
      "version": "2.3.1",
      "license": "MIT",
      "engines": {
        "node": ">=8.6"
      },
      "funding": {
        "url": "https://github.com/sponsors/jonschlinkert"
      }
    },
    "node_modules/pluginHost": {
      "resolved": "packages/pluginHost",
      "link": true
    },
    "node_modules/readdirp": {
      "version": "3.6.0",
      "license": "MIT",
      "dependencies": {
        "picomatch": "^2.2.1"
      },
      "engines": {
        "node": ">=8.10.0"
      }
    },
    "node_modules/runtime": {
      "resolved": "packages/runtime",
      "link": true
    },
    "node_modules/server": {
      "resolved": "packages/server",
      "link": true
    },
    "node_modules/source-map": {
      "version": "0.6.1",
      "resolved": "https://registry.npmjs.org/source-map/-/source-map-0.6.1.tgz",
      "integrity": "sha512-UjgapumWlbMhkBgzT7Ykc5YXUT46F0iKu8SGXq0bcwP5dz/h0Plj6enJqjz1Zbq2l5WaqYnrVbwWOWMyF3F47g==",
      "engines": {
        "node": ">=0.10.0"
      }
    },
    "node_modules/source-map-support": {
      "version": "0.5.21",
      "resolved": "https://registry.npmjs.org/source-map-support/-/source-map-support-0.5.21.tgz",
      "integrity": "sha512-uBHU3L3czsIyYXKX88fdrGovxdSCoTGDRZ6SYXtSRxLZUzHg5P/66Ht6uoUlHu9EZod+inXhKo3qQgwXUT/y1w==",
      "dependencies": {
        "buffer-from": "^1.0.0",
        "source-map": "^0.6.0"
      }
    },
    "node_modules/terminal": {
      "resolved": "packages/terminal",
      "link": true
    },
    "node_modules/threads": {
      "resolved": "packages/threads",
      "link": true
    },
    "node_modules/timers": {
      "resolved": "packages/timers",
      "link": true
    },
    "node_modules/to-regex-range": {
      "version": "5.0.1",
      "license": "MIT",
      "dependencies": {
        "is-number": "^7.0.0"
      },
      "engines": {
        "node": ">=8.0"
      }
    },
    "node_modules/typescript": {
      "version": "4.7.3",
      "resolved": "https://registry.npmjs.org/typescript/-/typescript-4.7.3.tgz",
      "integrity": "sha512-WOkT3XYvrpXx4vMMqlD+8R8R37fZkjyLGlxavMc4iB8lrl8L0DeTcHbYgw/v0N/z9wAFsgBhcsF0ruoySS22mA==",
      "dev": true,
      "bin": {
        "tsc": "bin/tsc",
        "tsserver": "bin/tsserver"
      },
      "engines": {
        "node": ">=4.2.0"
      }
    },
    "node_modules/xb": {
      "resolved": "xb",
      "link": true
    },
    "node_modules/xs": {
      "resolved": "xs",
      "link": true
    },
    "packages/client": {
      "name": "@skylixgh/elixor-client",
      "version": "1.0.0-alpha",
      "dependencies": {
        "@types/node": "^17.0.40",
        "source-map-support": "^0.5.21"
      },
      "devDependencies": {}
    },
    "packages/color": {
      "name": "@skylixgh/elixor-color",
      "version": "1.0.0-alpha",
      "dependencies": {
        "@types/node": "^17.0.40",
        "source-map-support": "^0.5.21"
      },
      "devDependencies": {}
    },
    "packages/desktop": {
      "name": "@skylixgh/elixor-desktop",
      "version": "1.0.0-alpha",
      "dependencies": {
        "@types/node": "^17.0.40",
        "source-map-support": "^0.5.21"
      },
      "devDependencies": {}
    },
    "packages/events": {
      "name": "@skylixgh/elixor-events",
      "version": "1.0.0-alpha",
      "dependencies": {
        "@skylixgh/elixor-events": "^1.0.0-alpha",
        "@types/node": "^17.0.40",
        "source-map-support": "^0.5.21"
      },
      "devDependencies": {}
    },
    "packages/lexer": {
      "name": "@skylixgh/elixor-lexer",
      "version": "1.0.0-alpha",
      "dependencies": {
        "@skylixgh/elixor-lexer": "^1.0.0-alpha",
        "@types/node": "^17.0.40",
        "source-map-support": "^0.5.21"
      },
      "devDependencies": {}
    },
    "packages/mobile": {
      "name": "@skylixgh/elixor-mobile",
      "version": "1.0.0-alpha",
      "dependencies": {
        "@types/node": "^17.0.40",
        "source-map-support": "^0.5.21"
      },
      "devDependencies": {}
    },
    "packages/pluginHost": {
      "name": "@skylixgh/elixor-pluginHost",
      "version": "1.0.0-alpha",
      "dependencies": {
        "@types/node": "^17.0.40",
        "source-map-support": "^0.5.21"
      },
      "devDependencies": {}
    },
    "packages/runtime": {
      "name": "@skylixgh/elixor-runtime",
      "version": "1.0.0-alpha",
      "dependencies": {
        "@types/node": "^17.0.40",
        "source-map-support": "^0.5.21"
      },
      "devDependencies": {}
    },
    "packages/server": {
      "name": "@skylixgh/elixor-server",
      "version": "1.0.0-alpha",
      "dependencies": {
        "@types/node": "^17.0.40",
        "source-map-support": "^0.5.21"
      },
      "devDependencies": {}
    },
    "packages/terminal": {
      "name": "@skylixgh/elixor-terminal",
      "version": "1.0.0-alpha",
      "dependencies": {
        "@types/node": "^17.0.40",
        "source-map-support": "^0.5.21"
      },
      "devDependencies": {}
    },
    "packages/threads": {
      "name": "@skylixgh/elixor-threads",
      "version": "1.0.0-alpha",
      "dependencies": {
        "@types/node": "^17.0.40",
        "source-map-support": "^0.5.21"
      },
      "devDependencies": {}
    },
    "packages/timers": {
      "name": "@skylixgh/elixor-timers",
      "version": "1.0.0-alpha",
      "dependencies": {
        "@types/node": "^17.0.40",
        "source-map-support": "^0.5.21"
      },
      "devDependencies": {}
    },
    "xb": {
      "dependencies": {
        "chokidar": "^3.5.3",
        "esbuild": "^0.14.43"
      }
    },
    "xs": {
      "dependencies": {
        "client": "file:../packages/client",
        "color": "file:../packages/color",
        "desktop": "file:../packages/desktop",
        "events": "file:../packages/events",
        "lexer": "file:../packages/lexer",
        "mobile": "file:../packages/mobile",
        "pluginHost": "file:../packages/pluginHost",
        "runtime": "file:../packages/runtime",
        "server": "file:../packages/server",
        "terminal": "file:../packages/terminal",
        "threads": "file:../packages/threads",
        "timers": "file:../packages/timers"
      },
      "devDependencies": {
        "esbuild": "^0.14.43"
      }
    }
  },
  "dependencies": {
    "@skylixgh/elixor-client": {
      "version": "file:packages/client",
      "requires": {
        "@types/node": "^17.0.40",
        "source-map-support": "^0.5.21"
      }
    },
    "@skylixgh/elixor-color": {
      "version": "file:packages/color",
      "requires": {
        "@types/node": "^17.0.40",
        "source-map-support": "^0.5.21"
      }
    },
    "@skylixgh/elixor-desktop": {
      "version": "file:packages/desktop",
      "requires": {
        "@types/node": "^17.0.40",
        "source-map-support": "^0.5.21"
      }
    },
    "@skylixgh/elixor-events": {
      "version": "file:packages/events",
      "requires": {
        "@skylixgh/elixor-events": "^1.0.0-alpha",
        "@types/node": "^17.0.40",
        "source-map-support": "^0.5.21"
      }
    },
    "@skylixgh/elixor-lexer": {
      "version": "file:packages/lexer",
      "requires": {
        "@skylixgh/elixor-lexer": "^1.0.0-alpha",
        "@types/node": "^17.0.40",
        "source-map-support": "^0.5.21"
      }
    },
    "@skylixgh/elixor-mobile": {
      "version": "file:packages/mobile",
      "requires": {
        "@types/node": "^17.0.40",
        "source-map-support": "^0.5.21"
      }
    },
    "@skylixgh/elixor-pluginHost": {
      "version": "file:packages/pluginHost",
      "requires": {
        "@types/node": "^17.0.40",
        "source-map-support": "^0.5.21"
      }
    },
    "@skylixgh/elixor-runtime": {
      "version": "file:packages/runtime",
      "requires": {
        "@types/node": "^17.0.40",
        "source-map-support": "^0.5.21"
      }
    },
    "@skylixgh/elixor-server": {
      "version": "file:packages/server",
      "requires": {
        "@types/node": "^17.0.40",
        "source-map-support": "^0.5.21"
      }
    },
    "@skylixgh/elixor-terminal": {
      "version": "file:packages/terminal",
      "requires": {
        "@types/node": "^17.0.40",
        "source-map-support": "^0.5.21"
      }
    },
    "@skylixgh/elixor-threads": {
      "version": "file:packages/threads",
      "requires": {
        "@types/node": "^17.0.40",
        "source-map-support": "^0.5.21"
      }
    },
    "@skylixgh/elixor-timers": {
      "version": "file:packages/timers",
      "requires": {
        "@types/node": "^17.0.40",
        "source-map-support": "^0.5.21"
      }
    },
    "@types/node": {
      "version": "17.0.41",
      "resolved": "https://registry.npmjs.org/@types/node/-/node-17.0.41.tgz",
      "integrity": "sha512-xA6drNNeqb5YyV5fO3OAEsnXLfO7uF0whiOfPTz5AeDo8KeZFmODKnvwPymMNO8qE/an8pVY/O50tig2SQCrGw=="
    },
    "anymatch": {
      "version": "3.1.2",
      "requires": {
        "normalize-path": "^3.0.0",
        "picomatch": "^2.0.4"
      }
    },
    "binary-extensions": {
      "version": "2.2.0"
    },
    "braces": {
      "version": "3.0.2",
      "requires": {
        "fill-range": "^7.0.1"
      }
    },
    "buffer-from": {
      "version": "1.1.2",
      "resolved": "https://registry.npmjs.org/buffer-from/-/buffer-from-1.1.2.tgz",
      "integrity": "sha512-E+XQCRwSbaaiChtv6k6Dwgc+bx+Bs6vuKJHHl5kox/BaKbhiXzqQOwK4cO22yElGp2OCmjwVhT3HmxgyPGnJfQ=="
    },
    "chokidar": {
      "version": "3.5.3",
      "requires": {
        "anymatch": "~3.1.2",
        "braces": "~3.0.2",
        "fsevents": "~2.3.2",
        "glob-parent": "~5.1.2",
        "is-binary-path": "~2.1.0",
        "is-glob": "~4.0.1",
        "normalize-path": "~3.0.0",
        "readdirp": "~3.6.0"
      }
    },
    "client": {
      "version": "file:packages/client",
      "requires": {
        "@types/node": "^17.0.40",
        "source-map-support": "^0.5.21"
      }
    },
    "color": {
      "version": "file:packages/color",
      "requires": {
        "@types/node": "^17.0.40",
        "source-map-support": "^0.5.21"
      }
    },
    "desktop": {
      "version": "file:packages/desktop",
      "requires": {
        "@types/node": "^17.0.40",
        "source-map-support": "^0.5.21"
      }
    },
    "esbuild": {
      "version": "0.14.43",
      "requires": {
        "esbuild-android-64": "0.14.43",
        "esbuild-android-arm64": "0.14.43",
        "esbuild-darwin-64": "0.14.43",
        "esbuild-darwin-arm64": "0.14.43",
        "esbuild-freebsd-64": "0.14.43",
        "esbuild-freebsd-arm64": "0.14.43",
        "esbuild-linux-32": "0.14.43",
        "esbuild-linux-64": "0.14.43",
        "esbuild-linux-arm": "0.14.43",
        "esbuild-linux-arm64": "0.14.43",
        "esbuild-linux-mips64le": "0.14.43",
        "esbuild-linux-ppc64le": "0.14.43",
        "esbuild-linux-riscv64": "0.14.43",
        "esbuild-linux-s390x": "0.14.43",
        "esbuild-netbsd-64": "0.14.43",
        "esbuild-openbsd-64": "0.14.43",
        "esbuild-sunos-64": "0.14.43",
        "esbuild-windows-32": "0.14.43",
        "esbuild-windows-64": "0.14.43",
        "esbuild-windows-arm64": "0.14.43"
      }
    },
    "esbuild-linux-64": {
      "version": "0.14.43",
      "optional": true
    },
    "events": {
      "version": "file:packages/events",
      "requires": {
        "@skylixgh/elixor-events": "^1.0.0-alpha",
        "@types/node": "^17.0.40",
        "source-map-support": "^0.5.21"
      }
    },
    "fill-range": {
      "version": "7.0.1",
      "requires": {
        "to-regex-range": "^5.0.1"
      }
    },
    "glob-parent": {
      "version": "5.1.2",
      "requires": {
        "is-glob": "^4.0.1"
      }
    },
    "is-binary-path": {
      "version": "2.1.0",
      "requires": {
        "binary-extensions": "^2.0.0"
      }
    },
    "is-extglob": {
      "version": "2.1.1"
    },
    "is-glob": {
      "version": "4.0.3",
      "requires": {
        "is-extglob": "^2.1.1"
      }
    },
    "is-number": {
      "version": "7.0.0"
    },
    "lexer": {
      "version": "file:packages/lexer",
      "requires": {
        "@skylixgh/elixor-lexer": "^1.0.0-alpha",
        "@types/node": "^17.0.40",
        "source-map-support": "^0.5.21"
      }
    },
    "mobile": {
      "version": "file:packages/mobile",
      "requires": {
        "@types/node": "^17.0.40",
        "source-map-support": "^0.5.21"
      }
    },
    "normalize-path": {
      "version": "3.0.0"
    },
    "picomatch": {
      "version": "2.3.1"
    },
    "pluginHost": {
      "version": "file:packages/pluginHost",
      "requires": {
        "@types/node": "^17.0.40",
        "source-map-support": "^0.5.21"
      }
    },
    "readdirp": {
      "version": "3.6.0",
      "requires": {
        "picomatch": "^2.2.1"
      }
    },
    "runtime": {
      "version": "file:packages/runtime",
      "requires": {
        "@types/node": "^17.0.40",
        "source-map-support": "^0.5.21"
      }
    },
    "server": {
      "version": "file:packages/server",
      "requires": {
        "@types/node": "^17.0.40",
        "source-map-support": "^0.5.21"
      }
    },
    "source-map": {
      "version": "0.6.1",
      "resolved": "https://registry.npmjs.org/source-map/-/source-map-0.6.1.tgz",
      "integrity": "sha512-UjgapumWlbMhkBgzT7Ykc5YXUT46F0iKu8SGXq0bcwP5dz/h0Plj6enJqjz1Zbq2l5WaqYnrVbwWOWMyF3F47g=="
    },
    "source-map-support": {
      "version": "0.5.21",
      "resolved": "https://registry.npmjs.org/source-map-support/-/source-map-support-0.5.21.tgz",
      "integrity": "sha512-uBHU3L3czsIyYXKX88fdrGovxdSCoTGDRZ6SYXtSRxLZUzHg5P/66Ht6uoUlHu9EZod+inXhKo3qQgwXUT/y1w==",
      "requires": {
        "buffer-from": "^1.0.0",
        "source-map": "^0.6.0"
      }
    },
    "terminal": {
      "version": "file:packages/terminal",
      "requires": {
        "@types/node": "^17.0.40",
        "source-map-support": "^0.5.21"
      }
    },
    "threads": {
      "version": "file:packages/threads",
      "requires": {
        "@types/node": "^17.0.40",
        "source-map-support": "^0.5.21"
      }
    },
    "timers": {
      "version": "file:packages/timers",
      "requires": {
        "@types/node": "^17.0.40",
        "source-map-support": "^0.5.21"
      }
    },
    "to-regex-range": {
      "version": "5.0.1",
      "requires": {
        "is-number": "^7.0.0"
      }
    },
    "typescript": {
      "version": "4.7.3",
      "resolved": "https://registry.npmjs.org/typescript/-/typescript-4.7.3.tgz",
      "integrity": "sha512-WOkT3XYvrpXx4vMMqlD+8R8R37fZkjyLGlxavMc4iB8lrl8L0DeTcHbYgw/v0N/z9wAFsgBhcsF0ruoySS22mA==",
      "dev": true
    },
    "xb": {
      "version": "file:xb",
      "requires": {
        "chokidar": "^3.5.3",
        "esbuild": "^0.14.43"
      }
    },
    "xs": {
      "version": "file:xs",
      "requires": {
        "client": "file:../packages/client",
        "color": "file:../packages/color",
        "desktop": "file:../packages/desktop",
        "esbuild": "^0.14.43",
        "events": "file:../packages/events",
        "lexer": "file:../packages/lexer",
        "mobile": "file:../packages/mobile",
        "pluginHost": "file:../packages/pluginHost",
        "runtime": "file:../packages/runtime",
        "server": "file:../packages/server",
        "terminal": "file:../packages/terminal",
        "threads": "file:../packages/threads",
        "timers": "file:../packages/timers"
      }
    }
  }
}
