{
    "name": "__test__",
    "lockfileVersion": 2,
    "requires": true,
    "packages": {
        "": {
            "dependencies": {
                "@skylixgh/elixor": "file:../"
            }
        },
        "..": {
            "version": "1.0.0-dev.1"
        },
        "node_modules/@skylixgh/elixor": {
            "resolved": "..",
            "link": true
        }
    },
    "dependencies": {
        "@skylixgh/elixor": {
            "version": "file:.."
        }
    }
}
